# This file was autogenerated by Stack.
# You should not edit this file by hand.
# For more information, please see the documentation at:
#   https://docs.haskellstack.org/en/stable/lock_files

packages:
- completed:
    hackage: ralist-0.2.1.1@sha256:aba3683906cf24db882c3902ce033877a3801c7defdadebb39048b95986ff1a0,1893
    pantry-tree:
      size: 380
      sha256: bcb89705835f68d0cb34a3bada9be3116db6ef171f2b5dd0adc5cec34f287a7c
  original:
    hackage: ralist-0.2.1.1@sha256:aba3683906cf24db882c3902ce033877a3801c7defdadebb39048b95986ff1a0,1893
- completed:
    hackage: set-monad-0.3.0.0@sha256:4b6e63bf9aa80b0d64c078ce17aaf12b17f89cba581a98fdaa98efc824f93450,4051
    pantry-tree:
      size: 212
      sha256: 90c8d19ab0e608e0e658e482b45d5758c66971d4f9a944d1a913507e5da94ebf
  original:
    hackage: set-monad-0.3.0.0@sha256:4b6e63bf9aa80b0d64c078ce17aaf12b17f89cba581a98fdaa98efc824f93450,4051
snapshots:
- completed:
    size: 491372
    url: https://raw.githubusercontent.com/commercialhaskell/stackage-snapshots/master/lts/15/2.yaml
    sha256: a98d091d911606d0d8adccbeb811b81bbd8cc2d888f99ef9e273350e8e9692a8
  original: lts-15.2
